
Microsoft Visual Studio Solution File, Format Version 12.00
# Visual Studio Version 16
VisualStudioVersion = 16.0.31129.286
MinimumVisualStudioVersion = 10.0.40219.1
Project("{9A19103F-16F7-4668-BE54-9A1E7A4F7556}") = "LHZ.IntArrayCompress", "LHZ.IntArrayCompress\LHZ.IntArrayCompress.csproj", "{F80C0094-AEF9-468B-B36C-5584A6865EB8}"
EndProject
Project("{FAE04EC0-301F-11D3-BF4B-00C04F79EFBC}") = "LHZ.IntArrayCompress.Test", "LHZ.IntArrayCompress.Test\LHZ.IntArrayCompress.Test.csproj", "{C63902D4-20FE-4426-A1E4-21F243B4CEFA}"
EndProject
Global
	GlobalSection(SolutionConfigurationPlatforms) = preSolution
		Debug|Any CPU = Debug|Any CPU
		Release|Any CPU = Release|Any CPU
	EndGlobalSection
	GlobalSection(ProjectConfigurationPlatforms) = postSolution
		{F80C0094-AEF9-468B-B36C-5584A6865EB8}.Debug|Any CPU.ActiveCfg = Debug|Any CPU
		{F80C0094-AEF9-468B-B36C-5584A6865EB8}.Debug|Any CPU.Build.0 = Debug|Any CPU
		{F80C0094-AEF9-468B-B36C-5584A6865EB8}.Release|Any CPU.ActiveCfg = Release|Any CPU
		{F80C0094-AEF9-468B-B36C-5584A6865EB8}.Release|Any CPU.Build.0 = Release|Any CPU
		{C63902D4-20FE-4426-A1E4-21F243B4CEFA}.Debug|Any CPU.ActiveCfg = Debug|Any CPU
		{C63902D4-20FE-4426-A1E4-21F243B4CEFA}.Debug|Any CPU.Build.0 = Debug|Any CPU
		{C63902D4-20FE-4426-A1E4-21F243B4CEFA}.Release|Any CPU.ActiveCfg = Release|Any CPU
		{C63902D4-20FE-4426-A1E4-21F243B4CEFA}.Release|Any CPU.Build.0 = Release|Any CPU
	EndGlobalSection
	GlobalSection(SolutionProperties) = preSolution
		HideSolutionNode = FALSE
	EndGlobalSection
	GlobalSection(ExtensibilityGlobals) = postSolution
		SolutionGuid = {7E4B1E51-AF5A-4BB4-8AD0-6DF40020AA81}
	EndGlobalSection
EndGlobal
